
Microsoft Visual Studio Solution File, Format Version 12.00
# Visual Studio Version 16
VisualStudioVersion = 16.0.29728.190
MinimumVisualStudioVersion = 10.0.40219.1
Project("{8BC9CEB8-8B4A-11D0-8D11-00A0C91BC942}") = "Homework10", "Homework10\Homework10.vcxproj", "{B589B891-D45C-4641-AD35-E45EBE6A9152}"
EndProject
Global
	GlobalSection(SolutionConfigurationPlatforms) = preSolution
		Debug|x64 = Debug|x64
		Debug|x86 = Debug|x86
		Release|x64 = Release|x64
		Release|x86 = Release|x86
	EndGlobalSection
	GlobalSection(ProjectConfigurationPlatforms) = postSolution
		{B589B891-D45C-4641-AD35-E45EBE6A9152}.Debug|x64.ActiveCfg = Debug|x64
		{B589B891-D45C-4641-AD35-E45EBE6A9152}.Debug|x64.Build.0 = Debug|x64
		{B589B891-D45C-4641-AD35-E45EBE6A9152}.Debug|x86.ActiveCfg = Debug|Win32
		{B589B891-D45C-4641-AD35-E45EBE6A9152}.Debug|x86.Build.0 = Debug|Win32
		{B589B891-D45C-4641-AD35-E45EBE6A9152}.Release|x64.ActiveCfg = Release|x64
		{B589B891-D45C-4641-AD35-E45EBE6A9152}.Release|x64.Build.0 = Release|x64
		{B589B891-D45C-4641-AD35-E45EBE6A9152}.Release|x86.ActiveCfg = Release|Win32
		{B589B891-D45C-4641-AD35-E45EBE6A9152}.Release|x86.Build.0 = Release|Win32
	EndGlobalSection
	GlobalSection(SolutionProperties) = preSolution
		HideSolutionNode = FALSE
	EndGlobalSection
	GlobalSection(ExtensibilityGlobals) = postSolution
		SolutionGuid = {4AE45D08-E8A1-4826-B1C6-438D3FCA0D2C}
	EndGlobalSection
EndGlobal
